
Microsoft Visual Studio Solution File, Format Version 12.00
# Visual Studio Version 17
VisualStudioVersion = 17.8.34330.188
MinimumVisualStudioVersion = 10.0.40219.1
Project("{8BC9CEB8-8B4A-11D0-8D11-00A0C91BC942}") = "WBIGame", "WBIGame\WBIGame.vcxproj", "{2A4B85CC-08B0-449C-B380-B21D43AA158F}"
	ProjectSection(ProjectDependencies) = postProject
		{30DD3D57-0026-48C8-BFD1-6392F319E23A} = {30DD3D57-0026-48C8-BFD1-6392F319E23A}
		{DB6193E0-3C12-450F-B344-DC4DAED8C421} = {DB6193E0-3C12-450F-B344-DC4DAED8C421}
	EndProjectSection
EndProject
Project("{2150E333-8FDC-42A3-9474-1A3956D46DE8}") = "Theforge", "Theforge", "{A9F07000-3AA1-4BDE-893D-E8CB33F88741}"
EndProject
Project("{8BC9CEB8-8B4A-11D0-8D11-00A0C91BC942}") = "OS", "TheForge\OS\OS.vcxproj", "{30DD3D57-0026-48C8-BFD1-6392F319E23A}"
EndProject
Project("{8BC9CEB8-8B4A-11D0-8D11-00A0C91BC942}") = "Renderer", "TheForge\Renderer\Renderer.vcxproj", "{DB6193E0-3C12-450F-B344-DC4DAED8C421}"
	ProjectSection(ProjectDependencies) = postProject
		{F3C4507C-E714-4773-AF45-5FA9FB0BB4AF} = {F3C4507C-E714-4773-AF45-5FA9FB0BB4AF}
	EndProjectSection
EndProject
Project("{8BC9CEB8-8B4A-11D0-8D11-00A0C91BC942}") = "SpirvTools", "TheForge\Tools\SpirvCross.vcxproj", "{F3C4507C-E714-4773-AF45-5FA9FB0BB4AF}"
EndProject
Global
	GlobalSection(SolutionConfigurationPlatforms) = preSolution
		Debug|x64 = Debug|x64
		Debug|x86 = Debug|x86
		Release|x64 = Release|x64
		Release|x86 = Release|x86
	EndGlobalSection
	GlobalSection(ProjectConfigurationPlatforms) = postSolution
		{2A4B85CC-08B0-449C-B380-B21D43AA158F}.Debug|x64.ActiveCfg = Debug|x64
		{2A4B85CC-08B0-449C-B380-B21D43AA158F}.Debug|x64.Build.0 = Debug|x64
		{2A4B85CC-08B0-449C-B380-B21D43AA158F}.Debug|x86.ActiveCfg = Debug|Win32
		{2A4B85CC-08B0-449C-B380-B21D43AA158F}.Debug|x86.Build.0 = Debug|Win32
		{2A4B85CC-08B0-449C-B380-B21D43AA158F}.Release|x64.ActiveCfg = Release|x64
		{2A4B85CC-08B0-449C-B380-B21D43AA158F}.Release|x64.Build.0 = Release|x64
		{2A4B85CC-08B0-449C-B380-B21D43AA158F}.Release|x86.ActiveCfg = Release|Win32
		{2A4B85CC-08B0-449C-B380-B21D43AA158F}.Release|x86.Build.0 = Release|Win32
		{30DD3D57-0026-48C8-BFD1-6392F319E23A}.Debug|x64.ActiveCfg = Debug|x64
		{30DD3D57-0026-48C8-BFD1-6392F319E23A}.Debug|x64.Build.0 = Debug|x64
		{30DD3D57-0026-48C8-BFD1-6392F319E23A}.Debug|x86.ActiveCfg = Debug|x64
		{30DD3D57-0026-48C8-BFD1-6392F319E23A}.Debug|x86.Build.0 = Debug|x64
		{30DD3D57-0026-48C8-BFD1-6392F319E23A}.Release|x64.ActiveCfg = Release|x64
		{30DD3D57-0026-48C8-BFD1-6392F319E23A}.Release|x64.Build.0 = Release|x64
		{30DD3D57-0026-48C8-BFD1-6392F319E23A}.Release|x86.ActiveCfg = Release|x64
		{30DD3D57-0026-48C8-BFD1-6392F319E23A}.Release|x86.Build.0 = Release|x64
		{DB6193E0-3C12-450F-B344-DC4DAED8C421}.Debug|x64.ActiveCfg = Debug|x64
		{DB6193E0-3C12-450F-B344-DC4DAED8C421}.Debug|x64.Build.0 = Debug|x64
		{DB6193E0-3C12-450F-B344-DC4DAED8C421}.Debug|x86.ActiveCfg = Debug|x64
		{DB6193E0-3C12-450F-B344-DC4DAED8C421}.Debug|x86.Build.0 = Debug|x64
		{DB6193E0-3C12-450F-B344-DC4DAED8C421}.Release|x64.ActiveCfg = Release|x64
		{DB6193E0-3C12-450F-B344-DC4DAED8C421}.Release|x64.Build.0 = Release|x64
		{DB6193E0-3C12-450F-B344-DC4DAED8C421}.Release|x86.ActiveCfg = Release|x64
		{DB6193E0-3C12-450F-B344-DC4DAED8C421}.Release|x86.Build.0 = Release|x64
		{F3C4507C-E714-4773-AF45-5FA9FB0BB4AF}.Debug|x64.ActiveCfg = Debug|x64
		{F3C4507C-E714-4773-AF45-5FA9FB0BB4AF}.Debug|x64.Build.0 = Debug|x64
		{F3C4507C-E714-4773-AF45-5FA9FB0BB4AF}.Debug|x86.ActiveCfg = Debug|x64
		{F3C4507C-E714-4773-AF45-5FA9FB0BB4AF}.Debug|x86.Build.0 = Debug|x64
		{F3C4507C-E714-4773-AF45-5FA9FB0BB4AF}.Release|x64.ActiveCfg = Release|x64
		{F3C4507C-E714-4773-AF45-5FA9FB0BB4AF}.Release|x64.Build.0 = Release|x64
		{F3C4507C-E714-4773-AF45-5FA9FB0BB4AF}.Release|x86.ActiveCfg = Release|x64
		{F3C4507C-E714-4773-AF45-5FA9FB0BB4AF}.Release|x86.Build.0 = Release|x64
	EndGlobalSection
	GlobalSection(SolutionProperties) = preSolution
		HideSolutionNode = FALSE
	EndGlobalSection
	GlobalSection(NestedProjects) = preSolution
		{30DD3D57-0026-48C8-BFD1-6392F319E23A} = {A9F07000-3AA1-4BDE-893D-E8CB33F88741}
		{DB6193E0-3C12-450F-B344-DC4DAED8C421} = {A9F07000-3AA1-4BDE-893D-E8CB33F88741}
		{F3C4507C-E714-4773-AF45-5FA9FB0BB4AF} = {A9F07000-3AA1-4BDE-893D-E8CB33F88741}
	EndGlobalSection
	GlobalSection(ExtensibilityGlobals) = postSolution
		SolutionGuid = {A7792715-F7DE-4613-86B6-2BEACF08A3A2}
	EndGlobalSection
EndGlobal
